// !$*UTF8*$!
{
	archiveVersion = 1;
	classes = {
	};
	objectVersion = 46;
	objects = {

/* Begin PBXBuildFile section */
		D8A9C5A11E03859300EB52C1 /* AboutViewController.swift in Sources */ = {isa = PBXBuildFile; fileRef = D8A9C5A01E03859300EB52C1 /* AboutViewController.swift */; };
		D8B68A1B1C2F640200B5FB24 /* AppDelegate.swift in Sources */ = {isa = PBXBuildFile; fileRef = D8B68A1A1C2F640200B5FB24 /* AppDelegate.swift */; };
		D8B68A1D1C2F640200B5FB24 /* MirrorViewController.swift in Sources */ = {isa = PBXBuildFile; fileRef = D8B68A1C1C2F640200B5FB24 /* MirrorViewController.swift */; };
		D8B68A201C2F640200B5FB24 /* Main.storyboard in Resources */ = {isa = PBXBuildFile; fileRef = D8B68A1E1C2F640200B5FB24 /* Main.storyboard */; };
		D8B68A221C2F640200B5FB24 /* Assets.xcassets in Resources */ = {isa = PBXBuildFile; fileRef = D8B68A211C2F640200B5FB24 /* Assets.xcassets */; };
		D8B68A251C2F640200B5FB24 /* LaunchScreen.storyboard in Resources */ = {isa = PBXBuildFile; fileRef = D8B68A231C2F640200B5FB24 /* LaunchScreen.storyboard */; };
/* End PBXBuildFile section */

/* Begin PBXFileReference section */
		D8A9C5A01E03859300EB52C1 /* AboutViewController.swift */ = {isa = PBXFileReference; fileEncoding = 4; lastKnownFileType = sourcecode.swift; path = AboutViewController.swift; sourceTree = "<group>"; };
		D8B68A171C2F640100B5FB24 /* Mirror.app */ = {isa = PBXFileReference; explicitFileType = wrapper.application; includeInIndex = 0; path = Mirror.app; sourceTree = BUILT_PRODUCTS_DIR; };
		D8B68A1A1C2F640200B5FB24 /* AppDelegate.swift */ = {isa = PBXFileReference; lastKnownFileType = sourcecode.swift; path = AppDelegate.swift; sourceTree = "<group>"; };
		D8B68A1C1C2F640200B5FB24 /* MirrorViewController.swift */ = {isa = PBXFileReference; lastKnownFileType = sourcecode.swift; path = MirrorViewController.swift; sourceTree = "<group>"; };
		D8B68A1F1C2F640200B5FB24 /* Base */ = {isa = PBXFileReference; lastKnownFileType = file.storyboard; name = Base; path = Base.lproj/Main.storyboard; sourceTree = "<group>"; };
		D8B68A211C2F640200B5FB24 /* Assets.xcassets */ = {isa = PBXFileReference; lastKnownFileType = folder.assetcatalog; path = Assets.xcassets; sourceTree = "<group>"; };
		D8B68A241C2F640200B5FB24 /* Base */ = {isa = PBXFileReference; lastKnownFileType = file.storyboard; name = Base; path = Base.lproj/LaunchScreen.storyboard; sourceTree = "<group>"; };
		D8B68A261C2F640200B5FB24 /* Info.plist */ = {isa = PBXFileReference; lastKnownFileType = text.plist.xml; path = Info.plist; sourceTree = "<group>"; };
/* End PBXFileReference section */

/* Begin PBXFrameworksBuildPhase section */
		D8B68A141C2F640100B5FB24 /* Frameworks */ = {
			isa = PBXFrameworksBuildPhase;
			buildActionMask = 2147483647;
			files = (
			);
			runOnlyForDeploymentPostprocessing = 0;
		};
/* End PBXFrameworksBuildPhase section */

/* Begin PBXGroup section */
		D8B68A0E1C2F640100B5FB24 = {
			isa = PBXGroup;
			children = (
				D8B68A191C2F640100B5FB24 /* Mirror */,
				D8B68A181C2F640100B5FB24 /* Products */,
			);
			sourceTree = "<group>";
		};
		D8B68A181C2F640100B5FB24 /* Products */ = {
			isa = PBXGroup;
			children = (
				D8B68A171C2F640100B5FB24 /* Mirror.app */,
			);
			name = Products;
			sourceTree = "<group>";
		};
		D8B68A191C2F640100B5FB24 /* Mirror */ = {
			isa = PBXGroup;
			children = (
				D8B68A1A1C2F640200B5FB24 /* AppDelegate.swift */,
				D8B68A1C1C2F640200B5FB24 /* MirrorViewController.swift */,
				D8A9C5A01E03859300EB52C1 /* AboutViewController.swift */,
				D8B68A1E1C2F640200B5FB24 /* Main.storyboard */,
				D8B68A211C2F640200B5FB24 /* Assets.xcassets */,
				D8B68A231C2F640200B5FB24 /* LaunchScreen.storyboard */,
				D8B68A261C2F640200B5FB24 /* Info.plist */,
			);
			path = Mirror;
			sourceTree = "<group>";
		};
/* End PBXGroup section */

/* Begin PBXNativeTarget section */
		D8B68A161C2F640100B5FB24 /* Mirror++ */ = {
			isa = PBXNativeTarget;
			buildConfigurationList = D8B68A3F1C2F640200B5FB24 /* Build configuration list for PBXNativeTarget "Mirror++" */;
			buildPhases = (
				D8B68A131C2F640100B5FB24 /* Sources */,
				D8B68A141C2F640100B5FB24 /* Frameworks */,
				D8B68A151C2F640100B5FB24 /* Resources */,
			);
			buildRules = (
			);
			dependencies = (
			);
			name = "Mirror++";
			productName = Mirror;
			productReference = D8B68A171C2F640100B5FB24 /* Mirror.app */;
			productType = "com.apple.product-type.application";
		};
/* End PBXNativeTarget section */

/* Begin PBXProject section */
		D8B68A0F1C2F640100B5FB24 /* Project object */ = {
			isa = PBXProject;
			attributes = {
				LastSwiftUpdateCheck = 0720;
				LastUpgradeCheck = 0820;
				ORGANIZATIONNAME = "Smith Industries";
				TargetAttributes = {
					D8B68A161C2F640100B5FB24 = {
						CreatedOnToolsVersion = 7.2;
						DevelopmentTeam = 7J53V2CVLJ;
						LastSwiftMigration = 0810;
					};
				};
			};
			buildConfigurationList = D8B68A121C2F640100B5FB24 /* Build configuration list for PBXProject "Mirror++" */;
			compatibilityVersion = "Xcode 3.2";
			developmentRegion = English;
			hasScannedForEncodings = 0;
			knownRegions = (
				en,
				Base,
			);
			mainGroup = D8B68A0E1C2F640100B5FB24;
			productRefGroup = D8B68A181C2F640100B5FB24 /* Products */;
			projectDirPath = "";
			projectRoot = "";
			targets = (
				D8B68A161C2F640100B5FB24 /* Mirror++ */,
			);
		};
/* End PBXProject section */

/* Begin PBXResourcesBuildPhase section */
		D8B68A151C2F640100B5FB24 /* Resources */ = {
			isa = PBXResourcesBuildPhase;
			buildActionMask = 2147483647;
			files = (
				D8B68A251C2F640200B5FB24 /* LaunchScreen.storyboard in Resources */,
				D8B68A221C2F640200B5FB24 /* Assets.xcassets in Resources */,
				D8B68A201C2F640200B5FB24 /* Main.storyboard in Resources */,
			);
			runOnlyForDeploymentPostprocessing = 0;
		};
/* End PBXResourcesBuildPhase section */

/* Begin PBXSourcesBuildPhase section */
		D8B68A131C2F640100B5FB24 /* Sources */ = {
			isa = PBXSourcesBuildPhase;
			buildActionMask = 2147483647;
			files = (
				D8A9C5A11E03859300EB52C1 /* AboutViewController.swift in Sources */,
				D8B68A1D1C2F640200B5FB24 /* MirrorViewController.swift in Sources */,
				D8B68A1B1C2F640200B5FB24 /* AppDelegate.swift in Sources */,
			);
			runOnlyForDeploymentPostprocessing = 0;
		};
/* End PBXSourcesBuildPhase section */

/* Begin PBXVariantGroup section */
		D8B68A1E1C2F640200B5FB24 /* Main.storyboard */ = {
			isa = PBXVariantGroup;
			children = (
				D8B68A1F1C2F640200B5FB24 /* Base */,
			);
			name = Main.storyboard;
			sourceTree = "<group>";
		};
		D8B68A231C2F640200B5FB24 /* LaunchScreen.storyboard */ = {
			isa = PBXVariantGroup;
			children = (
				D8B68A241C2F640200B5FB24 /* Base */,
			);
			name = LaunchScreen.storyboard;
			sourceTree = "<group>";
		};
/* End PBXVariantGroup section */

/* Begin XCBuildConfiguration section */
		D8B68A3D1C2F640200B5FB24 /* Debug */ = {
			isa = XCBuildConfiguration;
			buildSettings = {
				ALWAYS_SEARCH_USER_PATHS = NO;
				CLANG_CXX_LANGUAGE_STANDARD = "gnu++0x";
				CLANG_CXX_LIBRARY = "libc++";
				CLANG_ENABLE_MODULES = YES;
				CLANG_ENABLE_OBJC_ARC = YES;
				CLANG_WARN_BOOL_CONVERSION = YES;
				CLANG_WARN_CONSTANT_CONVERSION = YES;
				CLANG_WARN_DIRECT_OBJC_ISA_USAGE = YES_ERROR;
				CLANG_WARN_EMPTY_BODY = YES;
				CLANG_WARN_ENUM_CONVERSION = YES;
				CLANG_WARN_INFINITE_RECURSION = YES;
				CLANG_WARN_INT_CONVERSION = YES;
				CLANG_WARN_OBJC_ROOT_CLASS = YES_ERROR;
				CLANG_WARN_SUSPICIOUS_MOVE = YES;
				CLANG_WARN_UNREACHABLE_CODE = YES;
				CLANG_WARN__DUPLICATE_METHOD_MATCH = YES;
				"CODE_SIGN_IDENTITY[sdk=iphoneos*]" = "iPhone Developer";
				COPY_PHASE_STRIP = NO;
				DEBUG_INFORMATION_FORMAT = dwarf;
				ENABLE_STRICT_OBJC_MSGSEND = YES;
				ENABLE_TESTABILITY = YES;
				GCC_C_LANGUAGE_STANDARD = gnu99;
				GCC_DYNAMIC_NO_PIC = NO;
				GCC_NO_COMMON_BLOCKS = YES;
				GCC_OPTIMIZATION_LEVEL = 0;
				GCC_PREPROCESSOR_DEFINITIONS = (
					"DEBUG=1",
					"$(inherited)",
				);
				GCC_WARN_64_TO_32_BIT_CONVERSION = YES;
				GCC_WARN_ABOUT_RETURN_TYPE = YES_ERROR;
				GCC_WARN_UNDECLARED_SELECTOR = YES;
				GCC_WARN_UNINITIALIZED_AUTOS = YES_AGGRESSIVE;
				GCC_WARN_UNUSED_FUNCTION = YES;
				GCC_WARN_UNUSED_VARIABLE = YES;
				IPHONEOS_DEPLOYMENT_TARGET = 9.2;
				MTL_ENABLE_DEBUG_INFO = YES;
				ONLY_ACTIVE_ARCH = YES;
				SDKROOT = iphoneos;
				SWIFT_OPTIMIZATION_LEVEL = "-Onone";
			};
			name = Debug;
		};
		D8B68A3E1C2F640200B5FB24 /* Release */ = {
			isa = XCBuildConfiguration;
			buildSettings = {
				ALWAYS_SEARCH_USER_PATHS = NO;
				CLANG_CXX_LANGUAGE_STANDARD = "gnu++0x";
				CLANG_CXX_LIBRARY = "libc++";
				CLANG_ENABLE_MODULES = YES;
				CLANG_ENABLE_OBJC_ARC = YES;
				CLANG_WARN_BOOL_CONVERSION = YES;
				CLANG_WARN_CONSTANT_CONVERSION = YES;
				CLANG_WARN_DIRECT_OBJC_ISA_USAGE = YES_ERROR;
				CLANG_WARN_EMPTY_BODY = YES;
				CLANG_WARN_ENUM_CONVERSION = YES;
				CLANG_WARN_INFINITE_RECURSION = YES;
				CLANG_WARN_INT_CONVERSION = YES;
				CLANG_WARN_OBJC_ROOT_CLASS = YES_ERROR;
				CLANG_WARN_SUSPICIOUS_MOVE = YES;
				CLANG_WARN_UNREACHABLE_CODE = YES;
				CLANG_WARN__DUPLICATE_METHOD_MATCH = YES;
				"CODE_SIGN_IDENTITY[sdk=iphoneos*]" = "iPhone Developer";
				COPY_PHASE_STRIP = NO;
				DEBUG_INFORMATION_FORMAT = "dwarf-with-dsym";
				ENABLE_NS_ASSERTIONS = NO;
				ENABLE_STRICT_OBJC_MSGSEND = YES;
				GCC_C_LANGUAGE_STANDARD = gnu99;
				GCC_NO_COMMON_BLOCKS = YES;
				GCC_WARN_64_TO_32_BIT_CONVERSION = YES;
				GCC_WARN_ABOUT_RETURN_TYPE = YES_ERROR;
				GCC_WARN_UNDECLARED_SELECTOR = YES;
				GCC_WARN_UNINITIALIZED_AUTOS = YES_AGGRESSIVE;
				GCC_WARN_UNUSED_FUNCTION = YES;
				GCC_WARN_UNUSED_VARIABLE = YES;
				IPHONEOS_DEPLOYMENT_TARGET = 9.2;
				MTL_ENABLE_DEBUG_INFO = NO;
				SDKROOT = iphoneos;
				SWIFT_OPTIMIZATION_LEVEL = "-Owholemodule";
				VALIDATE_PRODUCT = YES;
			};
			name = Release;
		};
		D8B68A401C2F640200B5FB24 /* Debug */ = {
			isa = XCBuildConfiguration;
			buildSettings = {
				ASSETCATALOG_COMPILER_APPICON_NAME = AppIcon;
				CODE_SIGN_IDENTITY = "iPhone Developer";
				INFOPLIST_FILE = Mirror/Info.plist;
				LD_RUNPATH_SEARCH_PATHS = "$(inherited) @executable_path/Frameworks";
				PRODUCT_BUNDLE_IDENTIFIER = com.smithindustries.Mirror;
				PRODUCT_NAME = Mirror;
				SWIFT_VERSION = 3.0;
			};
			name = Debug;
		};
		D8B68A411C2F640200B5FB24 /* Release */ = {
			isa = XCBuildConfiguration;
			buildSettings = {
				ASSETCATALOG_COMPILER_APPICON_NAME = AppIcon;
				CODE_SIGN_IDENTITY = "iPhone Developer";
				INFOPLIST_FILE = Mirror/Info.plist;
				LD_RUNPATH_SEARCH_PATHS = "$(inherited) @executable_path/Frameworks";
				PRODUCT_BUNDLE_IDENTIFIER = com.smithindustries.Mirror;
				PRODUCT_NAME = Mirror;
				SWIFT_VERSION = 3.0;
			};
			name = Release;
		};
/* End XCBuildConfiguration section */

/* Begin XCConfigurationList section */
		D8B68A121C2F640100B5FB24 /* Build configuration list for PBXProject "Mirror++" */ = {
			isa = XCConfigurationList;
			buildConfigurations = (
				D8B68A3D1C2F640200B5FB24 /* Debug */,
				D8B68A3E1C2F640200B5FB24 /* Release */,
			);
			defaultConfigurationIsVisible = 0;
			defaultConfigurationName = Release;
		};
		D8B68A3F1C2F640200B5FB24 /* Build configuration list for PBXNativeTarget "Mirror++" */ = {
			isa = XCConfigurationList;
			buildConfigurations = (
				D8B68A401C2F640200B5FB24 /* Debug */,
				D8B68A411C2F640200B5FB24 /* Release */,
			);
			defaultConfigurationIsVisible = 0;
			defaultConfigurationName = Release;
		};
/* End XCConfigurationList section */
	};
	rootObject = D8B68A0F1C2F640100B5FB24 /* Project object */;
}
